
Microsoft Visual Studio Solution File, Format Version 12.00
# Visual Studio Version 16
VisualStudioVersion = 16.0.31112.23
MinimumVisualStudioVersion = 10.0.40219.1
Project("{FAE04EC0-301F-11D3-BF4B-00C04F79EFBC}") = "MORZE", "MORZE\MORZE.csproj", "{C730DF60-55A6-46D3-9C8C-B7453D29382A}"
EndProject
Global
	GlobalSection(SolutionConfigurationPlatforms) = preSolution
		Debug|Any CPU = Debug|Any CPU
		Release|Any CPU = Release|Any CPU
	EndGlobalSection
	GlobalSection(ProjectConfigurationPlatforms) = postSolution
		{C730DF60-55A6-46D3-9C8C-B7453D29382A}.Debug|Any CPU.ActiveCfg = Debug|Any CPU
		{C730DF60-55A6-46D3-9C8C-B7453D29382A}.Debug|Any CPU.Build.0 = Debug|Any CPU
		{C730DF60-55A6-46D3-9C8C-B7453D29382A}.Release|Any CPU.ActiveCfg = Release|Any CPU
		{C730DF60-55A6-46D3-9C8C-B7453D29382A}.Release|Any CPU.Build.0 = Release|Any CPU
	EndGlobalSection
	GlobalSection(SolutionProperties) = preSolution
		HideSolutionNode = FALSE
	EndGlobalSection
	GlobalSection(ExtensibilityGlobals) = postSolution
		SolutionGuid = {CAE8538E-2B5F-47D1-8482-3DDC49019067}
	EndGlobalSection
EndGlobal
